{
	"name": "@opentelemetry/plugins-node-all",
	"version": "0.11.0",
	"lockfileVersion": 1,
	"requires": true,
	"dependencies": {
		"@opentelemetry/api": {
			"version": "0.10.2",
			"resolved": "https://registry.npmjs.org/@opentelemetry/api/-/api-0.10.2.tgz",
			"integrity": "sha512-GtpMGd6vkzDMYcpu2t9LlhEgMy/SzBwRnz48EejlRArYqZzqSzAsKmegUK7zHgl+EOIaK9mKHhnRaQu3qw20cA==",
			"requires": {
				"@opentelemetry/context-base": "^0.10.2"
			}
		},
		"@opentelemetry/context-base": {
			"version": "0.10.2",
			"resolved": "https://registry.npmjs.org/@opentelemetry/context-base/-/context-base-0.10.2.tgz",
			"integrity": "sha512-hZNKjKOYsckoOEgBziGMnBcX0M7EtstnCmwz5jZUOUYwlZ+/xxX6z3jPu1XVO2Jivk0eLfuP9GP+vFD49CMetw=="
		},
		"@opentelemetry/core": {
			"version": "0.10.2",
			"resolved": "https://registry.npmjs.org/@opentelemetry/core/-/core-0.10.2.tgz",
			"integrity": "sha512-DhkiTp5eje2zTGd+HAIKWpGE6IR6lq7tUpYt4nnkhOi6Hq9WQAANVDCWEZEbYOw57LkdXbE50FZ/kMvHDm450Q==",
			"requires": {
				"@opentelemetry/api": "^0.10.2",
				"@opentelemetry/context-base": "^0.10.2",
				"semver": "^7.1.3"
			}
		},
		"@opentelemetry/plugin-express": {
			"version": "0.9.0",
			"resolved": "https://registry.npmjs.org/@opentelemetry/plugin-express/-/plugin-express-0.9.0.tgz",
			"integrity": "sha512-jgxwbEGR/kk+mofwjjB23gahjFF59jdMcZDgzIIH0vS/8beOAwM3PCIiTqZMXDIA5ag/TntvbcE9Q9WbsxbzSg==",
			"requires": {
				"@opentelemetry/api": "^0.10.1",
				"@opentelemetry/core": "^0.10.1",
				"shimmer": "^1.2.1"
			}
		},
		"@opentelemetry/plugin-ioredis": {
			"version": "0.9.0",
			"resolved": "https://registry.npmjs.org/@opentelemetry/plugin-ioredis/-/plugin-ioredis-0.9.0.tgz",
			"integrity": "sha512-ed+STQ91v6bbEvjcC99CyQxrm0WeU5l5Ae/jBB1tD2osvf+hm0cOBFefcmWqKZe3fIQRTHvHu7jJOvZ8LFFz6w==",
			"requires": {
				"@opentelemetry/api": "^0.10.1",
				"@opentelemetry/core": "^0.10.1",
				"shimmer": "^1.2.1"
			}
		},
		"@opentelemetry/plugin-mongodb": {
			"version": "0.9.0",
			"resolved": "https://registry.npmjs.org/@opentelemetry/plugin-mongodb/-/plugin-mongodb-0.9.0.tgz",
			"integrity": "sha512-6ZVpmO7WutZJF0DdAHkHnbCjVoIzDRj30ySnC68+PCr55LOf2ZS9cBqci5i95TtzT8bDDiDtnEA5avnzHH7Hyw==",
			"requires": {
				"@opentelemetry/api": "^0.10.1",
				"@opentelemetry/core": "^0.10.1",
				"shimmer": "^1.2.1"
			}
		},
		"@opentelemetry/plugin-mysql": {
			"version": "0.9.0",
			"resolved": "https://registry.npmjs.org/@opentelemetry/plugin-mysql/-/plugin-mysql-0.9.0.tgz",
			"integrity": "sha512-+8VOgn79iJQQ5vahPCy0l+W4YMDD0wu6i4oajdMdiZfqAlJx3kTvgnJTAUoOMgzsvcTaBHIP+jjRKGoQeJ1j5A==",
			"requires": {
				"@opentelemetry/api": "^0.10.1",
				"@opentelemetry/core": "^0.10.1",
				"shimmer": "^1.2.1"
			}
		},
		"@opentelemetry/plugin-pg": {
			"version": "0.9.0",
			"resolved": "https://registry.npmjs.org/@opentelemetry/plugin-pg/-/plugin-pg-0.9.0.tgz",
			"integrity": "sha512-D1NkrM/Kn9NhjFZE9n+cF2Bsx2qQ4lWT2zQwoKcBOmVFXC0mXUB7JhOzwy6YMvEapEpt0H4Bpf9jxdYpYYR1fw==",
			"requires": {
				"@opentelemetry/api": "^0.10.1",
				"@opentelemetry/core": "^0.10.1",
				"shimmer": "^1.2.1"
			}
		},
		"@opentelemetry/plugin-pg-pool": {
			"version": "0.9.0",
			"resolved": "https://registry.npmjs.org/@opentelemetry/plugin-pg-pool/-/plugin-pg-pool-0.9.0.tgz",
			"integrity": "sha512-wVg85FQagUE3ZYTWvetTZ7w9B9tLaWyKpLquZb3A/3CJISbCvhd7DeY1frEv14o4ddY8+cVBZyAAVSMk4y2baA==",
			"requires": {
				"@opentelemetry/api": "^0.10.1",
				"@opentelemetry/core": "^0.10.1",
				"shimmer": "^1.2.1"
			}
		},
		"@opentelemetry/plugin-redis": {
			"version": "0.9.0",
			"resolved": "https://registry.npmjs.org/@opentelemetry/plugin-redis/-/plugin-redis-0.9.0.tgz",
			"integrity": "sha512-b0Lrjwrnrr2wyw1gHEHT9wROymh/URQo8NGMEAin/mHphhBln4qch38e7J6WoLmdoXxucJlIeY8LlhWNr3ZNsg==",
			"requires": {
				"@opentelemetry/api": "^0.10.1",
				"@opentelemetry/core": "^0.10.1",
				"shimmer": "^1.2.1"
			}
		},
		"semver": {
			"version": "7.3.2",
			"resolved": "https://registry.npmjs.org/semver/-/semver-7.3.2.tgz",
			"integrity": "sha512-OrOb32TeeambH6UrhtShmF7CRDqhL6/5XpPNp2DuRH6+9QLw/orhp72j87v8Qa1ScDkvrrBNpZcDejAirJmfXQ=="
		},
		"shimmer": {
			"version": "1.2.1",
			"resolved": "https://registry.npmjs.org/shimmer/-/shimmer-1.2.1.tgz",
			"integrity": "sha512-sQTKC1Re/rM6XyFM6fIAGHRPVGvyXfgzIDvzoq608vM+jeyVD0Tu1E6Np0Kc2zAIFWIj963V2800iF/9LPieQw=="
		}
	}
}
