{
	"name": "@opentelemetry/template",
	"version": "0.16.0",
	"lockfileVersion": 1,
	"requires": true,
	"dependencies": {
		"@types/node": {
			"version": "14.14.20",
			"resolved": "https://registry.npmjs.org/@types/node/-/node-14.14.20.tgz",
			"integrity": "sha512-Y93R97Ouif9JEOWPIUyU+eyIdyRqQR0I8Ez1dzku4hDx34NWh4HbtIc3WNzwB1Y9ULvNGeu5B8h8bVL5cAk4/A==",
			"dev": true
		},
		"typescript": {
			"version": "3.9.7",
			"resolved": "https://registry.npmjs.org/typescript/-/typescript-3.9.7.tgz",
			"integrity": "sha512-BLbiRkiBzAwsjut4x/dsibSTB6yWpwT5qWmC2OfuCg3GgVQCSgMs4vEctYPhsaGtd0AeuuHMkjZ2h2WG8MSzRw==",
			"dev": true
		}
	}
}
