{
  "name": "backcompat-node14",
  "version": "0.44.0",
  "lockfileVersion": 2,
  "requires": true,
  "packages": {
    "": {
      "name": "backcompat-node14",
      "version": "0.44.0",
      "license": "Apache-2.0",
      "devDependencies": {
        "@types/node": "14.18.25"
      },
      "engines": {
        "node": ">=14"
      }
    },
    "node_modules/@types/node": {
      "version": "14.18.25",
      "resolved": "https://registry.npmjs.org/@types/node/-/node-14.18.25.tgz",
      "integrity": "sha512-9pLfceRSrKIsv/MISN6RoFWTIzka36Uk2Uuf5a8cHyDYhEgl5Hm5dXoe621KULeBjt+cFsY18mILsWWtJeG80w==",
      "dev": true
    }
  },
  "dependencies": {
    "@types/node": {
      "version": "14.18.25",
      "resolved": "https://registry.npmjs.org/@types/node/-/node-14.18.25.tgz",
      "integrity": "sha512-9pLfceRSrKIsv/MISN6RoFWTIzka36Uk2Uuf5a8cHyDYhEgl5Hm5dXoe621KULeBjt+cFsY18mILsWWtJeG80w==",
      "dev": true
    }
  }
}
