{
  "name": "backcompat-node16",
  "version": "0.44.0",
  "lockfileVersion": 2,
  "requires": true,
  "packages": {
    "": {
      "name": "backcompat-node16",
      "version": "0.44.0",
      "license": "Apache-2.0",
      "devDependencies": {
        "@types/node": "16.11.52"
      },
      "engines": {
        "node": ">=14"
      }
    },
    "node_modules/@types/node": {
      "version": "16.11.52",
      "resolved": "https://registry.npmjs.org/@types/node/-/node-16.11.52.tgz",
      "integrity": "sha512-GnstYouCa9kbYokBCWEVrszJ1P2rGAQpKrqACHKuixkaT8XGu8nsqHvEUIGqDs5vwtsJ7LrYqnPDKRD1V+M39A==",
      "dev": true
    }
  },
  "dependencies": {
    "@types/node": {
      "version": "16.11.52",
      "resolved": "https://registry.npmjs.org/@types/node/-/node-16.11.52.tgz",
      "integrity": "sha512-GnstYouCa9kbYokBCWEVrszJ1P2rGAQpKrqACHKuixkaT8XGu8nsqHvEUIGqDs5vwtsJ7LrYqnPDKRD1V+M39A==",
      "dev": true
    }
  }
}
