{
  "name": "@opentelemetry/shim-opencensus",
  "version": "0.44.0",
  "lockfileVersion": 2,
  "requires": true,
  "packages": {
    "": {
      "name": "@opentelemetry/shim-opencensus",
      "version": "0.44.0",
      "license": "Apache-2.0",
      "dependencies": {
        "semver": "^7.5.2"
      },
      "engines": {
        "node": ">=14"
      },
      "peerDependencies": {
        "@opencensus/core": "^0.1.0",
        "@opentelemetry/api": "^1.0.0"
      }
    },
    "node_modules/@opencensus/core": {
      "version": "0.1.0",
      "resolved": "https://registry.npmjs.org/@opencensus/core/-/core-0.1.0.tgz",
      "integrity": "sha512-Bdbi5vi44a1fwyHNyKh6bwzuFZJeZJPhzdwogk/Kw5juoEeRGPworK1sgtB3loeR8cqLyi5us0mz9h0xqINiSQ==",
      "peer": true,
      "dependencies": {
        "continuation-local-storage": "^3.2.1",
        "log-driver": "^1.2.7",
        "semver": "^7.0.0",
        "shimmer": "^1.2.0",
        "uuid": "^8.0.0"
      },
      "engines": {
        "node": ">=8"
      }
    },
    "node_modules/@opencensus/core/node_modules/async-listener": {
      "version": "0.6.10",
      "resolved": "https://registry.npmjs.org/async-listener/-/async-listener-0.6.10.tgz",
      "integrity": "sha512-gpuo6xOyF4D5DE5WvyqZdPA3NGhiT6Qf07l7DCB0wwDEsLvDIbCr6j9S5aj5Ch96dLace5tXVzWBZkxU/c5ohw==",
      "peer": true,
      "dependencies": {
        "semver": "^5.3.0",
        "shimmer": "^1.1.0"
      },
      "engines": {
        "node": "<=0.11.8 || >0.11.10"
      }
    },
    "node_modules/@opencensus/core/node_modules/async-listener/node_modules/semver": {
      "version": "5.7.2",
      "resolved": "https://registry.npmjs.org/semver/-/semver-5.7.2.tgz",
      "integrity": "sha512-cBznnQ9KjJqU67B52RMC65CMarK2600WFnbkcaiwWq3xy/5haFJlshgnpjovMVJ+Hff49d8GEn0b87C5pDQ10g==",
      "peer": true,
      "bin": {
        "semver": "bin/semver"
      }
    },
    "node_modules/@opencensus/core/node_modules/continuation-local-storage": {
      "version": "3.2.1",
      "resolved": "https://registry.npmjs.org/continuation-local-storage/-/continuation-local-storage-3.2.1.tgz",
      "integrity": "sha512-jx44cconVqkCEEyLSKWwkvUXwO561jXMa3LPjTPsm5QR22PA0/mhe33FT4Xb5y74JDvt/Cq+5lm8S8rskLv9ZA==",
      "peer": true,
      "dependencies": {
        "async-listener": "^0.6.0",
        "emitter-listener": "^1.1.1"
      }
    },
    "node_modules/@opencensus/core/node_modules/emitter-listener": {
      "version": "1.1.2",
      "resolved": "https://registry.npmjs.org/emitter-listener/-/emitter-listener-1.1.2.tgz",
      "integrity": "sha512-Bt1sBAGFHY9DKY+4/2cV6izcKJUf5T7/gkdmkxzX/qv9CcGH8xSwVRW5mtX03SWJtRTWSOpzCuWN9rBFYZepZQ==",
      "peer": true,
      "dependencies": {
        "shimmer": "^1.2.0"
      }
    },
    "node_modules/@opencensus/core/node_modules/log-driver": {
      "version": "1.2.7",
      "resolved": "https://registry.npmjs.org/log-driver/-/log-driver-1.2.7.tgz",
      "integrity": "sha512-U7KCmLdqsGHBLeWqYlFA0V0Sl6P08EE1ZrmA9cxjUE0WVqT9qnyVDPz1kzpFEP0jdJuFnasWIfSd7fsaNXkpbg==",
      "peer": true,
      "engines": {
        "node": ">=0.8.6"
      }
    },
    "node_modules/@opencensus/core/node_modules/shimmer": {
      "version": "1.2.1",
      "resolved": "https://registry.npmjs.org/shimmer/-/shimmer-1.2.1.tgz",
      "integrity": "sha512-sQTKC1Re/rM6XyFM6fIAGHRPVGvyXfgzIDvzoq608vM+jeyVD0Tu1E6Np0Kc2zAIFWIj963V2800iF/9LPieQw==",
      "peer": true
    },
    "node_modules/@opencensus/core/node_modules/uuid": {
      "version": "8.3.2",
      "resolved": "https://registry.npmjs.org/uuid/-/uuid-8.3.2.tgz",
      "integrity": "sha512-+NYs2QeMWy+GWFOEm9xnn6HCDp0l7QBD7ml8zLUmJ+93Q5NF0NocErnwkTkXVFNiX3/fpC6afS8Dhb/gz7R7eg==",
      "peer": true,
      "bin": {
        "uuid": "dist/bin/uuid"
      }
    },
    "node_modules/@opentelemetry/api": {
      "version": "1.6.0",
      "resolved": "https://registry.npmjs.org/@opentelemetry/api/-/api-1.6.0.tgz",
      "integrity": "sha512-OWlrQAnWn9577PhVgqjUvMr1pg57Bc4jv0iL4w0PRuOSRvq67rvHW9Ie/dZVMvCzhSCB+UxhcY/PmCmFj33Q+g==",
      "peer": true,
      "engines": {
        "node": ">=8.0.0"
      }
    },
    "node_modules/semver": {
      "version": "7.5.4",
      "resolved": "https://registry.npmjs.org/semver/-/semver-7.5.4.tgz",
      "integrity": "sha512-1bCSESV6Pv+i21Hvpxp3Dx+pSD8lIPt8uVjRrxAUt/nbswYc+tK6Y2btiULjd4+fnq15PX+nqQDC7Oft7WkwcA==",
      "dependencies": {
        "lru-cache": "^6.0.0"
      },
      "bin": {
        "semver": "bin/semver.js"
      },
      "engines": {
        "node": ">=10"
      }
    },
    "node_modules/semver/node_modules/lru-cache": {
      "version": "6.0.0",
      "resolved": "https://registry.npmjs.org/lru-cache/-/lru-cache-6.0.0.tgz",
      "integrity": "sha512-Jo6dJ04CmSjuznwJSS3pUeWmd/H0ffTlkXXgwZi+eq1UCmqQwCh+eLsYOYCwY991i2Fah4h1BEMCx4qThGbsiA==",
      "dependencies": {
        "yallist": "^4.0.0"
      },
      "engines": {
        "node": ">=10"
      }
    },
    "node_modules/semver/node_modules/yallist": {
      "version": "4.0.0",
      "resolved": "https://registry.npmjs.org/yallist/-/yallist-4.0.0.tgz",
      "integrity": "sha512-3wdGidZyq5PB084XLES5TpOSRA3wjXAlIWMhum2kRcv/41Sn2emQ0dycQW4uZXLejwKvg6EsvbdlVL+FYEct7A=="
    }
  },
  "dependencies": {
    "@opencensus/core": {
      "version": "0.1.0",
      "resolved": "https://registry.npmjs.org/@opencensus/core/-/core-0.1.0.tgz",
      "integrity": "sha512-Bdbi5vi44a1fwyHNyKh6bwzuFZJeZJPhzdwogk/Kw5juoEeRGPworK1sgtB3loeR8cqLyi5us0mz9h0xqINiSQ==",
      "peer": true,
      "requires": {
        "continuation-local-storage": "^3.2.1",
        "log-driver": "^1.2.7",
        "semver": "^7.0.0",
        "shimmer": "^1.2.0",
        "uuid": "^8.0.0"
      },
      "dependencies": {
        "async-listener": {
          "version": "0.6.10",
          "resolved": "https://registry.npmjs.org/async-listener/-/async-listener-0.6.10.tgz",
          "integrity": "sha512-gpuo6xOyF4D5DE5WvyqZdPA3NGhiT6Qf07l7DCB0wwDEsLvDIbCr6j9S5aj5Ch96dLace5tXVzWBZkxU/c5ohw==",
          "peer": true,
          "requires": {
            "semver": "^5.3.0",
            "shimmer": "^1.1.0"
          },
          "dependencies": {
            "semver": {
              "version": "5.7.2",
              "resolved": "https://registry.npmjs.org/semver/-/semver-5.7.2.tgz",
              "integrity": "sha512-cBznnQ9KjJqU67B52RMC65CMarK2600WFnbkcaiwWq3xy/5haFJlshgnpjovMVJ+Hff49d8GEn0b87C5pDQ10g==",
              "peer": true
            }
          }
        },
        "continuation-local-storage": {
          "version": "3.2.1",
          "resolved": "https://registry.npmjs.org/continuation-local-storage/-/continuation-local-storage-3.2.1.tgz",
          "integrity": "sha512-jx44cconVqkCEEyLSKWwkvUXwO561jXMa3LPjTPsm5QR22PA0/mhe33FT4Xb5y74JDvt/Cq+5lm8S8rskLv9ZA==",
          "peer": true,
          "requires": {
            "async-listener": "^0.6.0",
            "emitter-listener": "^1.1.1"
          }
        },
        "emitter-listener": {
          "version": "1.1.2",
          "resolved": "https://registry.npmjs.org/emitter-listener/-/emitter-listener-1.1.2.tgz",
          "integrity": "sha512-Bt1sBAGFHY9DKY+4/2cV6izcKJUf5T7/gkdmkxzX/qv9CcGH8xSwVRW5mtX03SWJtRTWSOpzCuWN9rBFYZepZQ==",
          "peer": true,
          "requires": {
            "shimmer": "^1.2.0"
          }
        },
        "log-driver": {
          "version": "1.2.7",
          "resolved": "https://registry.npmjs.org/log-driver/-/log-driver-1.2.7.tgz",
          "integrity": "sha512-U7KCmLdqsGHBLeWqYlFA0V0Sl6P08EE1ZrmA9cxjUE0WVqT9qnyVDPz1kzpFEP0jdJuFnasWIfSd7fsaNXkpbg==",
          "peer": true
        },
        "shimmer": {
          "version": "1.2.1",
          "resolved": "https://registry.npmjs.org/shimmer/-/shimmer-1.2.1.tgz",
          "integrity": "sha512-sQTKC1Re/rM6XyFM6fIAGHRPVGvyXfgzIDvzoq608vM+jeyVD0Tu1E6Np0Kc2zAIFWIj963V2800iF/9LPieQw==",
          "peer": true
        },
        "uuid": {
          "version": "8.3.2",
          "resolved": "https://registry.npmjs.org/uuid/-/uuid-8.3.2.tgz",
          "integrity": "sha512-+NYs2QeMWy+GWFOEm9xnn6HCDp0l7QBD7ml8zLUmJ+93Q5NF0NocErnwkTkXVFNiX3/fpC6afS8Dhb/gz7R7eg==",
          "peer": true
        }
      }
    },
    "@opentelemetry/api": {
      "version": "1.6.0",
      "resolved": "https://registry.npmjs.org/@opentelemetry/api/-/api-1.6.0.tgz",
      "integrity": "sha512-OWlrQAnWn9577PhVgqjUvMr1pg57Bc4jv0iL4w0PRuOSRvq67rvHW9Ie/dZVMvCzhSCB+UxhcY/PmCmFj33Q+g==",
      "peer": true
    },
    "semver": {
      "version": "7.5.4",
      "resolved": "https://registry.npmjs.org/semver/-/semver-7.5.4.tgz",
      "integrity": "sha512-1bCSESV6Pv+i21Hvpxp3Dx+pSD8lIPt8uVjRrxAUt/nbswYc+tK6Y2btiULjd4+fnq15PX+nqQDC7Oft7WkwcA==",
      "requires": {
        "lru-cache": "^6.0.0"
      },
      "dependencies": {
        "lru-cache": {
          "version": "6.0.0",
          "resolved": "https://registry.npmjs.org/lru-cache/-/lru-cache-6.0.0.tgz",
          "integrity": "sha512-Jo6dJ04CmSjuznwJSS3pUeWmd/H0ffTlkXXgwZi+eq1UCmqQwCh+eLsYOYCwY991i2Fah4h1BEMCx4qThGbsiA==",
          "requires": {
            "yallist": "^4.0.0"
          }
        },
        "yallist": {
          "version": "4.0.0",
          "resolved": "https://registry.npmjs.org/yallist/-/yallist-4.0.0.tgz",
          "integrity": "sha512-3wdGidZyq5PB084XLES5TpOSRA3wjXAlIWMhum2kRcv/41Sn2emQ0dycQW4uZXLejwKvg6EsvbdlVL+FYEct7A=="
        }
      }
    }
  }
}
