{
	"name": "backcompat-node10",
	"version": "0.16.0",
	"lockfileVersion": 1,
	"requires": true,
	"dependencies": {
		"@types/node": {
			"version": "10.17.50",
			"resolved": "https://registry.npmjs.org/@types/node/-/node-10.17.50.tgz",
			"integrity": "sha512-vwX+/ija9xKc/z9VqMCdbf4WYcMTGsI0I/L/6shIF3qXURxZOhPQlPRHtjTpiNhAwn0paMJzlOQqw6mAGEQnTA==",
			"dev": true
		},
		"typescript": {
			"version": "3.9.7",
			"resolved": "https://registry.npmjs.org/typescript/-/typescript-3.9.7.tgz",
			"integrity": "sha512-BLbiRkiBzAwsjut4x/dsibSTB6yWpwT5qWmC2OfuCg3GgVQCSgMs4vEctYPhsaGtd0AeuuHMkjZ2h2WG8MSzRw==",
			"dev": true
		}
	}
}
